
Microsoft Visual Studio Solution File, Format Version 12.00
# Visual Studio Version 16
VisualStudioVersion = 16.0.31624.102
MinimumVisualStudioVersion = 10.0.40219.1
Project("{FAE04EC0-301F-11D3-BF4B-00C04F79EFBC}") = "SybatOS", "SybatOS\SybatOS.csproj", "{004B340D-2A38-445C-BAA8-CCD327BD9339}"
EndProject
Global
	GlobalSection(SolutionConfigurationPlatforms) = preSolution
		Debug|Any CPU = Debug|Any CPU
		Release|Any CPU = Release|Any CPU
	EndGlobalSection
	GlobalSection(ProjectConfigurationPlatforms) = postSolution
		{004B340D-2A38-445C-BAA8-CCD327BD9339}.Debug|Any CPU.ActiveCfg = Debug|Any CPU
		{004B340D-2A38-445C-BAA8-CCD327BD9339}.Debug|Any CPU.Build.0 = Debug|Any CPU
		{004B340D-2A38-445C-BAA8-CCD327BD9339}.Release|Any CPU.ActiveCfg = Release|Any CPU
		{004B340D-2A38-445C-BAA8-CCD327BD9339}.Release|Any CPU.Build.0 = Release|Any CPU
	EndGlobalSection
	GlobalSection(SolutionProperties) = preSolution
		HideSolutionNode = FALSE
	EndGlobalSection
	GlobalSection(ExtensibilityGlobals) = postSolution
		SolutionGuid = {61D09A7D-C292-48A2-9A11-368CDEA8C1C7}
	EndGlobalSection
EndGlobal
